
Microsoft Visual Studio Solution File, Format Version 12.00
# Visual Studio Version 17
VisualStudioVersion = 17.4.33213.308
MinimumVisualStudioVersion = 10.0.40219.1
Project("{FAE04EC0-301F-11D3-BF4B-00C04F79EFBC}") = "AppLayer", "AppLayer\AppLayer.csproj", "{3F938D2B-8DAA-432B-95AA-B37CCBDCE30D}"
EndProject
Project("{FAE04EC0-301F-11D3-BF4B-00C04F79EFBC}") = "BLL", "BLL\BLL.csproj", "{DC0A5025-71B0-45FA-9C54-06F61FC58EA0}"
EndProject
Project("{FAE04EC0-301F-11D3-BF4B-00C04F79EFBC}") = "DAL", "DAL\DAL.csproj", "{DD5AB4F1-146F-4221-B565-97F79154AA53}"
EndProject
Global
	GlobalSection(SolutionConfigurationPlatforms) = preSolution
		Debug|Any CPU = Debug|Any CPU
		Release|Any CPU = Release|Any CPU
	EndGlobalSection
	GlobalSection(ProjectConfigurationPlatforms) = postSolution
		{3F938D2B-8DAA-432B-95AA-B37CCBDCE30D}.Debug|Any CPU.ActiveCfg = Debug|Any CPU
		{3F938D2B-8DAA-432B-95AA-B37CCBDCE30D}.Debug|Any CPU.Build.0 = Debug|Any CPU
		{3F938D2B-8DAA-432B-95AA-B37CCBDCE30D}.Release|Any CPU.ActiveCfg = Release|Any CPU
		{3F938D2B-8DAA-432B-95AA-B37CCBDCE30D}.Release|Any CPU.Build.0 = Release|Any CPU
		{DC0A5025-71B0-45FA-9C54-06F61FC58EA0}.Debug|Any CPU.ActiveCfg = Debug|Any CPU
		{DC0A5025-71B0-45FA-9C54-06F61FC58EA0}.Debug|Any CPU.Build.0 = Debug|Any CPU
		{DC0A5025-71B0-45FA-9C54-06F61FC58EA0}.Release|Any CPU.ActiveCfg = Release|Any CPU
		{DC0A5025-71B0-45FA-9C54-06F61FC58EA0}.Release|Any CPU.Build.0 = Release|Any CPU
		{DD5AB4F1-146F-4221-B565-97F79154AA53}.Debug|Any CPU.ActiveCfg = Debug|Any CPU
		{DD5AB4F1-146F-4221-B565-97F79154AA53}.Debug|Any CPU.Build.0 = Debug|Any CPU
		{DD5AB4F1-146F-4221-B565-97F79154AA53}.Release|Any CPU.ActiveCfg = Release|Any CPU
		{DD5AB4F1-146F-4221-B565-97F79154AA53}.Release|Any CPU.Build.0 = Release|Any CPU
	EndGlobalSection
	GlobalSection(SolutionProperties) = preSolution
		HideSolutionNode = FALSE
	EndGlobalSection
	GlobalSection(ExtensibilityGlobals) = postSolution
		SolutionGuid = {D5EF71E1-2D04-4690-95D2-28F827DD754B}
	EndGlobalSection
EndGlobal
